
Microsoft Visual Studio Solution File, Format Version 12.00
# Visual Studio Version 16
VisualStudioVersion = 16.0.31313.79
MinimumVisualStudioVersion = 10.0.40219.1
Project("{8BC9CEB8-8B4A-11D0-8D11-00A0C91BC942}") = "ConsoleApplication1", "ConsoleApplication1.vcxproj", "{BF3721E4-94CD-460D-8F96-FE4DC129D712}"
EndProject
Global
	GlobalSection(SolutionConfigurationPlatforms) = preSolution
		Debug|x64 = Debug|x64
		Debug|x86 = Debug|x86
		Release|x64 = Release|x64
		Release|x86 = Release|x86
	EndGlobalSection
	GlobalSection(ProjectConfigurationPlatforms) = postSolution
		{BF3721E4-94CD-460D-8F96-FE4DC129D712}.Debug|x64.ActiveCfg = Debug|x64
		{BF3721E4-94CD-460D-8F96-FE4DC129D712}.Debug|x64.Build.0 = Debug|x64
		{BF3721E4-94CD-460D-8F96-FE4DC129D712}.Debug|x86.ActiveCfg = Debug|Win32
		{BF3721E4-94CD-460D-8F96-FE4DC129D712}.Debug|x86.Build.0 = Debug|Win32
		{BF3721E4-94CD-460D-8F96-FE4DC129D712}.Release|x64.ActiveCfg = Release|x64
		{BF3721E4-94CD-460D-8F96-FE4DC129D712}.Release|x64.Build.0 = Release|x64
		{BF3721E4-94CD-460D-8F96-FE4DC129D712}.Release|x86.ActiveCfg = Release|Win32
		{BF3721E4-94CD-460D-8F96-FE4DC129D712}.Release|x86.Build.0 = Release|Win32
	EndGlobalSection
	GlobalSection(SolutionProperties) = preSolution
		HideSolutionNode = FALSE
	EndGlobalSection
	GlobalSection(ExtensibilityGlobals) = postSolution
		SolutionGuid = {95663C4E-889B-46DC-8D3B-8691937E5A89}
	EndGlobalSection
EndGlobal
